<Solution>
  <Project Path="../ECommerce.SharedLibrarySolution/ECommerce.SharedLibrary/ECommerce.SharedLibrary.csproj" />
  <Project Path="ProductApi.Application/ProductApi.Application.csproj" />
  <Project Path="ProductApi.Domain/ProductApi.Domain.csproj" />
  <Project Path="ProductApi.Infrastructure/ProductApi.Infrastructure.csproj" />
  <Project Path="ProductApi.Presentation/ProductApi.Presentation.csproj" />
</Solution>
